
Microsoft Visual Studio Solution File, Format Version 11.00
# Visual Studio 2010
Project("{FAE04EC0-301F-11D3-BF4B-00C04F79EFBC}") = "GUI", "Assembly-CSharp.csproj", "{87AEBD12-D670-E6FA-A074-9D33369B9B5A}"
EndProject
Project("{1E3042B2-E2A5-550B-412B-37EDD1C36B34}") = "GUI", "Assembly-UnityScript.unityproj", "{C587B385-CD4D-EA60-B4CF-F1E38A8782A5}"
EndProject
Global
	GlobalSection(SolutionConfigurationPlatforms) = preSolution
		Debug|Any CPU = Debug|Any CPU
		Release|Any CPU = Release|Any CPU
	EndGlobalSection
	GlobalSection(ProjectConfigurationPlatforms) = postSolution
		{87AEBD12-D670-E6FA-A074-9D33369B9B5A}.Debug|Any CPU.ActiveCfg = Debug|Any CPU
		{87AEBD12-D670-E6FA-A074-9D33369B9B5A}.Debug|Any CPU.Build.0 = Debug|Any CPU
		{87AEBD12-D670-E6FA-A074-9D33369B9B5A}.Release|Any CPU.ActiveCfg = Release|Any CPU
		{87AEBD12-D670-E6FA-A074-9D33369B9B5A}.Release|Any CPU.Build.0 = Release|Any CPU
		{C587B385-CD4D-EA60-B4CF-F1E38A8782A5}.Debug|Any CPU.ActiveCfg = Debug|Any CPU
		{C587B385-CD4D-EA60-B4CF-F1E38A8782A5}.Debug|Any CPU.Build.0 = Debug|Any CPU
		{C587B385-CD4D-EA60-B4CF-F1E38A8782A5}.Release|Any CPU.ActiveCfg = Release|Any CPU
		{C587B385-CD4D-EA60-B4CF-F1E38A8782A5}.Release|Any CPU.Build.0 = Release|Any CPU
	EndGlobalSection
	GlobalSection(SolutionProperties) = preSolution
		HideSolutionNode = FALSE
	EndGlobalSection
	GlobalSection(MonoDevelopProperties) = preSolution
		StartupItem = Assembly-CSharp.csproj
	EndGlobalSection
EndGlobal
